
Microsoft Visual Studio Solution File, Format Version 12.00
# Visual Studio Version 17
VisualStudioVersion = 17.11.35327.3
MinimumVisualStudioVersion = 10.0.40219.1
Project("{9A19103F-16F7-4668-BE54-9A1E7A4F7556}") = "Ticket-App", "Ticket-App\Ticket-App.csproj", "{91BB3BF5-2597-41FC-9A19-B17C30A95D7E}"
EndProject
Project("{FAE04EC0-301F-11D3-BF4B-00C04F79EFBC}") = "ticket-app.Test", "ticket-app.Test\ticket-app.Test.csproj", "{15A7331A-8A19-4142-9A95-4E84CB4F8006}"
EndProject
Global
	GlobalSection(SolutionConfigurationPlatforms) = preSolution
		Debug|Any CPU = Debug|Any CPU
		Release|Any CPU = Release|Any CPU
	EndGlobalSection
	GlobalSection(ProjectConfigurationPlatforms) = postSolution
		{91BB3BF5-2597-41FC-9A19-B17C30A95D7E}.Debug|Any CPU.ActiveCfg = Debug|Any CPU
		{91BB3BF5-2597-41FC-9A19-B17C30A95D7E}.Debug|Any CPU.Build.0 = Debug|Any CPU
		{91BB3BF5-2597-41FC-9A19-B17C30A95D7E}.Release|Any CPU.ActiveCfg = Release|Any CPU
		{91BB3BF5-2597-41FC-9A19-B17C30A95D7E}.Release|Any CPU.Build.0 = Release|Any CPU
		{15A7331A-8A19-4142-9A95-4E84CB4F8006}.Debug|Any CPU.ActiveCfg = Debug|Any CPU
		{15A7331A-8A19-4142-9A95-4E84CB4F8006}.Debug|Any CPU.Build.0 = Debug|Any CPU
		{15A7331A-8A19-4142-9A95-4E84CB4F8006}.Release|Any CPU.ActiveCfg = Release|Any CPU
		{15A7331A-8A19-4142-9A95-4E84CB4F8006}.Release|Any CPU.Build.0 = Release|Any CPU
	EndGlobalSection
	GlobalSection(SolutionProperties) = preSolution
		HideSolutionNode = FALSE
	EndGlobalSection
	GlobalSection(ExtensibilityGlobals) = postSolution
		SolutionGuid = {1FDB3E10-F6EF-4806-97BF-C3A88C035ED4}
	EndGlobalSection
EndGlobal
